dependencies:
  espressif/esp_lcd_touch:
    component_hash: cf4741f4903bdfe83c0a6606cb33314957e78605398954154f247e03acfd306b
    dependencies:
    - name: idf
      require: private
      version: '>=4.4.2'
    source:
      registry_url: https://components.espressif.com/
      type: service
    version: 1.2.0
  espressif/esp_lcd_touch_gt911:
    dependencies: []
    source:
      path: C:\Users\traep\wizard_chess\display\components\espressif__esp_lcd_touch_gt911
      type: local
    version: 1.1.1~1
  idf:
    source:
      type: idf
    version: 5.5.1
  lvgl/lvgl:
    dependencies: []
    source:
      path: C:\Users\traep\wizard_chess\display\components\lvgl__lvgl
      type: local
    version: 8.4.0
direct_dependencies:
- espressif/esp_lcd_touch
- espressif/esp_lcd_touch_gt911
- idf
- lvgl/lvgl
manifest_hash: b1edac5f6a9decf02ccdfe36806f42d5c69bd5a6723d79c351d3bc54c54ff2cc
target: esp32s3
version: 2.0.0
